
Microsoft Visual Studio Solution File, Format Version 12.00
# Visual Studio Version 17
VisualStudioVersion = 17.14.37012.4
MinimumVisualStudioVersion = 10.0.40219.1
Project("{FAE04EC0-301F-11D3-BF4B-00C04F79EFBC}") = "Books_Swap_Backend", "Books_Swap_Backend\Books_Swap_Backend.csproj", "{AFF51C41-83DD-4BB2-AC0B-25C9F4D4D034}"
EndProject
Project("{FAE04EC0-301F-11D3-BF4B-00C04F79EFBC}") = "DbConnection", "DbConnection\DbConnection.csproj", "{99469ECD-EBFF-4F63-86AB-9F2F5308C629}"
EndProject
Project("{FAE04EC0-301F-11D3-BF4B-00C04F79EFBC}") = "DbAccess", "DbAccess\DbAccess.csproj", "{804C2BF6-19F9-4FB3-BAA3-AA9C5004BCEF}"
EndProject
Project("{FAE04EC0-301F-11D3-BF4B-00C04F79EFBC}") = "ViewModelDbEntityMappers", "ViewModelDbEntityMappers\ViewModelDbEntityMappers.csproj", "{80827082-D129-40C2-AD61-FB19F7E74FDA}"
EndProject
Project("{FAE04EC0-301F-11D3-BF4B-00C04F79EFBC}") = "SearchService", "SearchService\SearchService.csproj", "{09EAC89A-E036-405F-895D-B497E51B5C68}"
EndProject
Project("{FAE04EC0-301F-11D3-BF4B-00C04F79EFBC}") = "ResponseModels", "ResponseModels\ResponseModels.csproj", "{0E293A1F-B486-4ACC-A3F5-DDE733471E44}"
EndProject
Global
	GlobalSection(SolutionConfigurationPlatforms) = preSolution
		Debug|Any CPU = Debug|Any CPU
		Release|Any CPU = Release|Any CPU
	EndGlobalSection
	GlobalSection(ProjectConfigurationPlatforms) = postSolution
		{AFF51C41-83DD-4BB2-AC0B-25C9F4D4D034}.Debug|Any CPU.ActiveCfg = Debug|Any CPU
		{AFF51C41-83DD-4BB2-AC0B-25C9F4D4D034}.Debug|Any CPU.Build.0 = Debug|Any CPU
		{AFF51C41-83DD-4BB2-AC0B-25C9F4D4D034}.Release|Any CPU.ActiveCfg = Release|Any CPU
		{AFF51C41-83DD-4BB2-AC0B-25C9F4D4D034}.Release|Any CPU.Build.0 = Release|Any CPU
		{99469ECD-EBFF-4F63-86AB-9F2F5308C629}.Debug|Any CPU.ActiveCfg = Debug|Any CPU
		{99469ECD-EBFF-4F63-86AB-9F2F5308C629}.Debug|Any CPU.Build.0 = Debug|Any CPU
		{99469ECD-EBFF-4F63-86AB-9F2F5308C629}.Release|Any CPU.ActiveCfg = Release|Any CPU
		{99469ECD-EBFF-4F63-86AB-9F2F5308C629}.Release|Any CPU.Build.0 = Release|Any CPU
		{804C2BF6-19F9-4FB3-BAA3-AA9C5004BCEF}.Debug|Any CPU.ActiveCfg = Debug|Any CPU
		{804C2BF6-19F9-4FB3-BAA3-AA9C5004BCEF}.Debug|Any CPU.Build.0 = Debug|Any CPU
		{804C2BF6-19F9-4FB3-BAA3-AA9C5004BCEF}.Release|Any CPU.ActiveCfg = Release|Any CPU
		{804C2BF6-19F9-4FB3-BAA3-AA9C5004BCEF}.Release|Any CPU.Build.0 = Release|Any CPU
		{80827082-D129-40C2-AD61-FB19F7E74FDA}.Debug|Any CPU.ActiveCfg = Debug|Any CPU
		{80827082-D129-40C2-AD61-FB19F7E74FDA}.Debug|Any CPU.Build.0 = Debug|Any CPU
		{80827082-D129-40C2-AD61-FB19F7E74FDA}.Release|Any CPU.ActiveCfg = Release|Any CPU
		{80827082-D129-40C2-AD61-FB19F7E74FDA}.Release|Any CPU.Build.0 = Release|Any CPU
		{09EAC89A-E036-405F-895D-B497E51B5C68}.Debug|Any CPU.ActiveCfg = Debug|Any CPU
		{09EAC89A-E036-405F-895D-B497E51B5C68}.Debug|Any CPU.Build.0 = Debug|Any CPU
		{09EAC89A-E036-405F-895D-B497E51B5C68}.Release|Any CPU.ActiveCfg = Release|Any CPU
		{09EAC89A-E036-405F-895D-B497E51B5C68}.Release|Any CPU.Build.0 = Release|Any CPU
		{0E293A1F-B486-4ACC-A3F5-DDE733471E44}.Debug|Any CPU.ActiveCfg = Debug|Any CPU
		{0E293A1F-B486-4ACC-A3F5-DDE733471E44}.Debug|Any CPU.Build.0 = Debug|Any CPU
		{0E293A1F-B486-4ACC-A3F5-DDE733471E44}.Release|Any CPU.ActiveCfg = Release|Any CPU
		{0E293A1F-B486-4ACC-A3F5-DDE733471E44}.Release|Any CPU.Build.0 = Release|Any CPU
	EndGlobalSection
	GlobalSection(SolutionProperties) = preSolution
		HideSolutionNode = FALSE
	EndGlobalSection
	GlobalSection(ExtensibilityGlobals) = postSolution
		SolutionGuid = {6C8BB981-2556-444A-9B21-EAA3CABEC672}
	EndGlobalSection
EndGlobal
